github.com/tedla-brandsema/tagex v0.0.0-20250612115029-b5f4dc40a337 h1:vrplQs27OmJe6DtbERixrJ5iC0hf4HdUW/CnKSskT5I=
github.com/tedla-brandsema/tagex v0.0.0-20250612115029-b5f4dc40a337/go.mod h1:aP0EqC+DZsWOyG1Hwc2D1zAUL1uWJCrX5r7mIO5WkQc=
github.com/tedla-brandsema/tagex v0.0.0-20250614104435-ad0ae6ce1dd2 h1:5IpM6Kffkw4kbgt8OfgHWLcf71xF5q+A2Pmhg/TvZIw=
github.com/tedla-brandsema/tagex v0.0.0-20250614104435-ad0ae6ce1dd2/go.mod h1:aP0EqC+DZsWOyG1Hwc2D1zAUL1uWJCrX5r7mIO5WkQc=
github.com/tedla-brandsema/tagex v0.0.0-20250615072915-526a7b0d15f6 h1:2pJ+kOLEUkPdcGhiTaWC0j3snRPa1g4tXYd4zQzW0o8=
github.com/tedla-brandsema/tagex v0.0.0-20250615072915-526a7b0d15f6/go.mod h1:aP0EqC+DZsWOyG1Hwc2D1zAUL1uWJCrX5r7mIO5WkQc=
github.com/tedla-brandsema/tagex v0.0.0-20250615080423-e93e239e1efd h1:VT7Bk+sJbzRIbxZTKEZcpEsl5iJdUgn2gbFKKtL6lhY=
github.com/tedla-brandsema/tagex v0.0.0-20250615080423-e93e239e1efd/go.mod h1:aP0EqC+DZsWOyG1Hwc2D1zAUL1uWJCrX5r7mIO5WkQc=
github.com/tedla-brandsema/tagex v0.0.0-20250615081522-e08ab07aaa68 h1:p/ea0t95qXAgpTcep1C3WZnAbzoDmNhBbC3Q6av+taI=
github.com/tedla-brandsema/tagex v0.0.0-20250615081522-e08ab07aaa68/go.mod h1:aP0EqC+DZsWOyG1Hwc2D1zAUL1uWJCrX5r7mIO5WkQc=
