github.com/tedla-brandsema/tagex v0.0.0-20250310110356-2e5866e3df9c h1:s/xoW/gNbmvP2cVjBiyuQy+Ov4j+Zu/nCddA3VWW7LA=
github.com/tedla-brandsema/tagex v0.0.0-20250310110356-2e5866e3df9c/go.mod h1:zkyy8Dk9wGawVUvgLtl+/70D2Vye0ydT1EYmxdkSrhw=
github.com/tedla-brandsema/tagex v0.0.0-20250610072732-65721aef2808 h1:zftSJHfH489GNhEOgqkaVXViAzG0RjiE32aYcFH1IQw=
github.com/tedla-brandsema/tagex v0.0.0-20250610072732-65721aef2808/go.mod h1:zkyy8Dk9wGawVUvgLtl+/70D2Vye0ydT1EYmxdkSrhw=
